{
  "name": "agent-vibench",
  "version": "0.0.8",
  "lockfileVersion": 3,
  "requires": true,
  "packages": {
    "": {
      "name": "agent-vibench",
      "version": "0.0.8",
      "license": "MIT",
      "bin": {
        "vibench": "cli.js"
      },
      "engines": {
        "node": ">=20"
      }
    }
  }
}
